
Microsoft Visual Studio Solution File, Format Version 12.00
# Visual Studio Version 17
VisualStudioVersion = 17.11.35219.272
MinimumVisualStudioVersion = 10.0.40219.1
Project("{9A19103F-16F7-4668-BE54-9A1E7A4F7556}") = "SIRGA.Domain", "SIRGA.Domain\SIRGA.Domain.csproj", "{3AE5C2EA-7DE6-4399-A93B-4D3C5AC2B9A4}"
EndProject
Project("{9A19103F-16F7-4668-BE54-9A1E7A4F7556}") = "SIRGA.Application", "SIRGA.Application\SIRGA.Application.csproj", "{F34A9A20-124A-427A-BDDB-C432DE4E4C40}"
EndProject
Project("{9A19103F-16F7-4668-BE54-9A1E7A4F7556}") = "SIRGA.Infraestructure", "SIRGA.Infraestructure\SIRGA.Infraestructure.csproj", "{E16CE328-B52C-4F34-9FBB-A57DCDE47494}"
EndProject
Project("{9A19103F-16F7-4668-BE54-9A1E7A4F7556}") = "SIRGA.Persistence", "SIRGA.Persistence\SIRGA.Persistence.csproj", "{D4617336-106D-4BB0-9911-EDD7133FC54B}"
EndProject
Project("{9A19103F-16F7-4668-BE54-9A1E7A4F7556}") = "SIRGA.Identity", "SIRGA.Identity\SIRGA.Identity.csproj", "{1DECF08A-88E6-491E-ACF3-10C76A0F2085}"
EndProject
Project("{9A19103F-16F7-4668-BE54-9A1E7A4F7556}") = "SIRGA.Identity.Shared", "SIRGA.Identity.Shared\SIRGA.Identity.Shared.csproj", "{DC843461-F2BB-4FBF-BF66-6D0F625EEA47}"
EndProject
Project("{2150E333-8FDC-42A3-9474-1A3956D46DE8}") = "BackEnd", "BackEnd", "{B7A10529-7F5E-4FAC-B827-C0F7DF40AA7F}"
EndProject
Project("{2150E333-8FDC-42A3-9474-1A3956D46DE8}") = "FrontEnd", "FrontEnd", "{BA856EB6-D14B-4E6D-9B0C-34D160A65844}"
EndProject
Project("{9A19103F-16F7-4668-BE54-9A1E7A4F7556}") = "SIRGA.Web", "SIRGA.Web\SIRGA.Web.csproj", "{3E58D702-4A54-4942-A6FE-7E9182F9753A}"
EndProject
Project("{9A19103F-16F7-4668-BE54-9A1E7A4F7556}") = "SIRGA.IOC", "SIRGA.IOC\SIRGA.IOC.csproj", "{30222E6A-E8F7-4E5C-A447-61720A033141}"
EndProject
Project("{2150E333-8FDC-42A3-9474-1A3956D46DE8}") = "API", "API", "{47B1C350-D8A4-462E-B089-60284B243E2E}"
EndProject
Project("{9A19103F-16F7-4668-BE54-9A1E7A4F7556}") = "SIRGA.API", "SIRGA.API\SIRGA.API.csproj", "{9184A5AE-AFC1-4DB9-841C-C86EBB36F87A}"
EndProject
Global
	GlobalSection(SolutionConfigurationPlatforms) = preSolution
		Debug|Any CPU = Debug|Any CPU
		Release|Any CPU = Release|Any CPU
	EndGlobalSection
	GlobalSection(ProjectConfigurationPlatforms) = postSolution
		{3AE5C2EA-7DE6-4399-A93B-4D3C5AC2B9A4}.Debug|Any CPU.ActiveCfg = Debug|Any CPU
		{3AE5C2EA-7DE6-4399-A93B-4D3C5AC2B9A4}.Debug|Any CPU.Build.0 = Debug|Any CPU
		{3AE5C2EA-7DE6-4399-A93B-4D3C5AC2B9A4}.Release|Any CPU.ActiveCfg = Release|Any CPU
		{3AE5C2EA-7DE6-4399-A93B-4D3C5AC2B9A4}.Release|Any CPU.Build.0 = Release|Any CPU
		{F34A9A20-124A-427A-BDDB-C432DE4E4C40}.Debug|Any CPU.ActiveCfg = Debug|Any CPU
		{F34A9A20-124A-427A-BDDB-C432DE4E4C40}.Debug|Any CPU.Build.0 = Debug|Any CPU
		{F34A9A20-124A-427A-BDDB-C432DE4E4C40}.Release|Any CPU.ActiveCfg = Release|Any CPU
		{F34A9A20-124A-427A-BDDB-C432DE4E4C40}.Release|Any CPU.Build.0 = Release|Any CPU
		{E16CE328-B52C-4F34-9FBB-A57DCDE47494}.Debug|Any CPU.ActiveCfg = Debug|Any CPU
		{E16CE328-B52C-4F34-9FBB-A57DCDE47494}.Debug|Any CPU.Build.0 = Debug|Any CPU
		{E16CE328-B52C-4F34-9FBB-A57DCDE47494}.Release|Any CPU.ActiveCfg = Release|Any CPU
		{E16CE328-B52C-4F34-9FBB-A57DCDE47494}.Release|Any CPU.Build.0 = Release|Any CPU
		{D4617336-106D-4BB0-9911-EDD7133FC54B}.Debug|Any CPU.ActiveCfg = Debug|Any CPU
		{D4617336-106D-4BB0-9911-EDD7133FC54B}.Debug|Any CPU.Build.0 = Debug|Any CPU
		{D4617336-106D-4BB0-9911-EDD7133FC54B}.Release|Any CPU.ActiveCfg = Release|Any CPU
		{D4617336-106D-4BB0-9911-EDD7133FC54B}.Release|Any CPU.Build.0 = Release|Any CPU
		{1DECF08A-88E6-491E-ACF3-10C76A0F2085}.Debug|Any CPU.ActiveCfg = Debug|Any CPU
		{1DECF08A-88E6-491E-ACF3-10C76A0F2085}.Debug|Any CPU.Build.0 = Debug|Any CPU
		{1DECF08A-88E6-491E-ACF3-10C76A0F2085}.Release|Any CPU.ActiveCfg = Release|Any CPU
		{1DECF08A-88E6-491E-ACF3-10C76A0F2085}.Release|Any CPU.Build.0 = Release|Any CPU
		{DC843461-F2BB-4FBF-BF66-6D0F625EEA47}.Debug|Any CPU.ActiveCfg = Debug|Any CPU
		{DC843461-F2BB-4FBF-BF66-6D0F625EEA47}.Debug|Any CPU.Build.0 = Debug|Any CPU
		{DC843461-F2BB-4FBF-BF66-6D0F625EEA47}.Release|Any CPU.ActiveCfg = Release|Any CPU
		{DC843461-F2BB-4FBF-BF66-6D0F625EEA47}.Release|Any CPU.Build.0 = Release|Any CPU
		{3E58D702-4A54-4942-A6FE-7E9182F9753A}.Debug|Any CPU.ActiveCfg = Debug|Any CPU
		{3E58D702-4A54-4942-A6FE-7E9182F9753A}.Debug|Any CPU.Build.0 = Debug|Any CPU
		{3E58D702-4A54-4942-A6FE-7E9182F9753A}.Release|Any CPU.ActiveCfg = Release|Any CPU
		{3E58D702-4A54-4942-A6FE-7E9182F9753A}.Release|Any CPU.Build.0 = Release|Any CPU
		{30222E6A-E8F7-4E5C-A447-61720A033141}.Debug|Any CPU.ActiveCfg = Debug|Any CPU
		{30222E6A-E8F7-4E5C-A447-61720A033141}.Debug|Any CPU.Build.0 = Debug|Any CPU
		{30222E6A-E8F7-4E5C-A447-61720A033141}.Release|Any CPU.ActiveCfg = Release|Any CPU
		{30222E6A-E8F7-4E5C-A447-61720A033141}.Release|Any CPU.Build.0 = Release|Any CPU
		{9184A5AE-AFC1-4DB9-841C-C86EBB36F87A}.Debug|Any CPU.ActiveCfg = Debug|Any CPU
		{9184A5AE-AFC1-4DB9-841C-C86EBB36F87A}.Debug|Any CPU.Build.0 = Debug|Any CPU
		{9184A5AE-AFC1-4DB9-841C-C86EBB36F87A}.Release|Any CPU.ActiveCfg = Release|Any CPU
		{9184A5AE-AFC1-4DB9-841C-C86EBB36F87A}.Release|Any CPU.Build.0 = Release|Any CPU
	EndGlobalSection
	GlobalSection(SolutionProperties) = preSolution
		HideSolutionNode = FALSE
	EndGlobalSection
	GlobalSection(NestedProjects) = preSolution
		{3AE5C2EA-7DE6-4399-A93B-4D3C5AC2B9A4} = {B7A10529-7F5E-4FAC-B827-C0F7DF40AA7F}
		{F34A9A20-124A-427A-BDDB-C432DE4E4C40} = {B7A10529-7F5E-4FAC-B827-C0F7DF40AA7F}
		{E16CE328-B52C-4F34-9FBB-A57DCDE47494} = {B7A10529-7F5E-4FAC-B827-C0F7DF40AA7F}
		{D4617336-106D-4BB0-9911-EDD7133FC54B} = {B7A10529-7F5E-4FAC-B827-C0F7DF40AA7F}
		{1DECF08A-88E6-491E-ACF3-10C76A0F2085} = {B7A10529-7F5E-4FAC-B827-C0F7DF40AA7F}
		{DC843461-F2BB-4FBF-BF66-6D0F625EEA47} = {B7A10529-7F5E-4FAC-B827-C0F7DF40AA7F}
		{3E58D702-4A54-4942-A6FE-7E9182F9753A} = {BA856EB6-D14B-4E6D-9B0C-34D160A65844}
		{30222E6A-E8F7-4E5C-A447-61720A033141} = {B7A10529-7F5E-4FAC-B827-C0F7DF40AA7F}
		{9184A5AE-AFC1-4DB9-841C-C86EBB36F87A} = {47B1C350-D8A4-462E-B089-60284B243E2E}
	EndGlobalSection
	GlobalSection(ExtensibilityGlobals) = postSolution
		SolutionGuid = {4B560E16-3E7E-4EF7-A14D-4D47C3A6E32C}
	EndGlobalSection
EndGlobal
